
Microsoft Visual Studio Solution File, Format Version 12.00
# Visual Studio Version 16
VisualStudioVersion = 16.0.28803.202
MinimumVisualStudioVersion = 10.0.40219.1
Project("{FAE04EC0-301F-11D3-BF4B-00C04F79EFBC}") = "PalindromeApp", "PalindromeApp\PalindromeApp.csproj", "{B66F37F9-ADCB-4E0A-8BBA-08475CA409F9}"
EndProject
Project("{FAE04EC0-301F-11D3-BF4B-00C04F79EFBC}") = "TestPalindrome", "TestPalindrome\TestPalindrome.csproj", "{C373F1C4-1A4A-431C-AF71-BE092155FB3D}"
EndProject
Global
	GlobalSection(SolutionConfigurationPlatforms) = preSolution
		Debug|Any CPU = Debug|Any CPU
		Release|Any CPU = Release|Any CPU
	EndGlobalSection
	GlobalSection(ProjectConfigurationPlatforms) = postSolution
		{B66F37F9-ADCB-4E0A-8BBA-08475CA409F9}.Debug|Any CPU.ActiveCfg = Debug|Any CPU
		{B66F37F9-ADCB-4E0A-8BBA-08475CA409F9}.Debug|Any CPU.Build.0 = Debug|Any CPU
		{B66F37F9-ADCB-4E0A-8BBA-08475CA409F9}.Release|Any CPU.ActiveCfg = Release|Any CPU
		{B66F37F9-ADCB-4E0A-8BBA-08475CA409F9}.Release|Any CPU.Build.0 = Release|Any CPU
		{C373F1C4-1A4A-431C-AF71-BE092155FB3D}.Debug|Any CPU.ActiveCfg = Debug|Any CPU
		{C373F1C4-1A4A-431C-AF71-BE092155FB3D}.Debug|Any CPU.Build.0 = Debug|Any CPU
		{C373F1C4-1A4A-431C-AF71-BE092155FB3D}.Release|Any CPU.ActiveCfg = Release|Any CPU
		{C373F1C4-1A4A-431C-AF71-BE092155FB3D}.Release|Any CPU.Build.0 = Release|Any CPU
	EndGlobalSection
	GlobalSection(SolutionProperties) = preSolution
		HideSolutionNode = FALSE
	EndGlobalSection
	GlobalSection(ExtensibilityGlobals) = postSolution
		SolutionGuid = {33C098F3-7C03-48D4-B71B-C4A049BFB2EE}
	EndGlobalSection
EndGlobal
